// !$*UTF8*$!
{
	archiveVersion = 1;
	classes = {
	};
	objectVersion = 46;
	objects = {

/* Begin PBXBuildFile section */
		927014F81EBC688C00F9B111 /* AppDelegate.swift in Sources */ = {isa = PBXBuildFile; fileRef = 927014F71EBC688C00F9B111 /* AppDelegate.swift */; };
		927014FA1EBC688C00F9B111 /* ViewController.swift in Sources */ = {isa = PBXBuildFile; fileRef = 927014F91EBC688C00F9B111 /* ViewController.swift */; };
		927014FD1EBC688C00F9B111 /* Main.storyboard in Resources */ = {isa = PBXBuildFile; fileRef = 927014FB1EBC688C00F9B111 /* Main.storyboard */; };
		927014FF1EBC688C00F9B111 /* Assets.xcassets in Resources */ = {isa = PBXBuildFile; fileRef = 927014FE1EBC688C00F9B111 /* Assets.xcassets */; };
		927015021EBC688C00F9B111 /* LaunchScreen.storyboard in Resources */ = {isa = PBXBuildFile; fileRef = 927015001EBC688C00F9B111 /* LaunchScreen.storyboard */; };
		927184AF1EC0667500FD781C /* TrueLoveViewController.swift in Sources */ = {isa = PBXBuildFile; fileRef = 927184AE1EC0667500FD781C /* TrueLoveViewController.swift */; };
/* End PBXBuildFile section */

/* Begin PBXFileReference section */
		927014F41EBC688C00F9B111 /* 擇偶條件.app */ = {isa = PBXFileReference; explicitFileType = wrapper.application; includeInIndex = 0; path = "擇偶條件.app"; sourceTree = BUILT_PRODUCTS_DIR; };
		927014F71EBC688C00F9B111 /* AppDelegate.swift */ = {isa = PBXFileReference; lastKnownFileType = sourcecode.swift; path = AppDelegate.swift; sourceTree = "<group>"; };
		927014F91EBC688C00F9B111 /* ViewController.swift */ = {isa = PBXFileReference; lastKnownFileType = sourcecode.swift; path = ViewController.swift; sourceTree = "<group>"; };
		927014FC1EBC688C00F9B111 /* Base */ = {isa = PBXFileReference; lastKnownFileType = file.storyboard; name = Base; path = Base.lproj/Main.storyboard; sourceTree = "<group>"; };
		927014FE1EBC688C00F9B111 /* Assets.xcassets */ = {isa = PBXFileReference; lastKnownFileType = folder.assetcatalog; path = Assets.xcassets; sourceTree = "<group>"; };
		927015011EBC688C00F9B111 /* Base */ = {isa = PBXFileReference; lastKnownFileType = file.storyboard; name = Base; path = Base.lproj/LaunchScreen.storyboard; sourceTree = "<group>"; };
		927015031EBC688C00F9B111 /* Info.plist */ = {isa = PBXFileReference; lastKnownFileType = text.plist.xml; path = Info.plist; sourceTree = "<group>"; };
		927184AE1EC0667500FD781C /* TrueLoveViewController.swift */ = {isa = PBXFileReference; fileEncoding = 4; lastKnownFileType = sourcecode.swift; path = TrueLoveViewController.swift; sourceTree = "<group>"; };
/* End PBXFileReference section */

/* Begin PBXFrameworksBuildPhase section */
		927014F11EBC688B00F9B111 /* Frameworks */ = {
			isa = PBXFrameworksBuildPhase;
			buildActionMask = 2147483647;
			files = (
			);
			runOnlyForDeploymentPostprocessing = 0;
		};
/* End PBXFrameworksBuildPhase section */

/* Begin PBXGroup section */
		927014EB1EBC688B00F9B111 = {
			isa = PBXGroup;
			children = (
				927014F61EBC688C00F9B111 /* 擇偶條件 */,
				927014F51EBC688C00F9B111 /* Products */,
			);
			sourceTree = "<group>";
		};
		927014F51EBC688C00F9B111 /* Products */ = {
			isa = PBXGroup;
			children = (
				927014F41EBC688C00F9B111 /* 擇偶條件.app */,
			);
			name = Products;
			sourceTree = "<group>";
		};
		927014F61EBC688C00F9B111 /* 擇偶條件 */ = {
			isa = PBXGroup;
			children = (
				927014F71EBC688C00F9B111 /* AppDelegate.swift */,
				927014F91EBC688C00F9B111 /* ViewController.swift */,
				927014FB1EBC688C00F9B111 /* Main.storyboard */,
				927184AE1EC0667500FD781C /* TrueLoveViewController.swift */,
				927014FE1EBC688C00F9B111 /* Assets.xcassets */,
				927015001EBC688C00F9B111 /* LaunchScreen.storyboard */,
				927015031EBC688C00F9B111 /* Info.plist */,
			);
			path = "擇偶條件";
			sourceTree = "<group>";
		};
/* End PBXGroup section */

/* Begin PBXNativeTarget section */
		927014F31EBC688B00F9B111 /* 擇偶條件 */ = {
			isa = PBXNativeTarget;
			buildConfigurationList = 927015061EBC688C00F9B111 /* Build configuration list for PBXNativeTarget "擇偶條件" */;
			buildPhases = (
				927014F01EBC688B00F9B111 /* Sources */,
				927014F11EBC688B00F9B111 /* Frameworks */,
				927014F21EBC688B00F9B111 /* Resources */,
			);
			buildRules = (
			);
			dependencies = (
			);
			name = "擇偶條件";
			productName = "擇偶條件";
			productReference = 927014F41EBC688C00F9B111 /* 擇偶條件.app */;
			productType = "com.apple.product-type.application";
		};
/* End PBXNativeTarget section */

/* Begin PBXProject section */
		927014EC1EBC688B00F9B111 /* Project object */ = {
			isa = PBXProject;
			attributes = {
				LastSwiftUpdateCheck = 0820;
				LastUpgradeCheck = 0820;
				ORGANIZATIONNAME = Zach;
				TargetAttributes = {
					927014F31EBC688B00F9B111 = {
						CreatedOnToolsVersion = 8.2.1;
						DevelopmentTeam = K49NFTATB3;
						ProvisioningStyle = Automatic;
					};
				};
			};
			buildConfigurationList = 927014EF1EBC688B00F9B111 /* Build configuration list for PBXProject "擇偶條件" */;
			compatibilityVersion = "Xcode 3.2";
			developmentRegion = English;
			hasScannedForEncodings = 0;
			knownRegions = (
				en,
				Base,
			);
			mainGroup = 927014EB1EBC688B00F9B111;
			productRefGroup = 927014F51EBC688C00F9B111 /* Products */;
			projectDirPath = "";
			projectRoot = "";
			targets = (
				927014F31EBC688B00F9B111 /* 擇偶條件 */,
			);
		};
/* End PBXProject section */

/* Begin PBXResourcesBuildPhase section */
		927014F21EBC688B00F9B111 /* Resources */ = {
			isa = PBXResourcesBuildPhase;
			buildActionMask = 2147483647;
			files = (
				927015021EBC688C00F9B111 /* LaunchScreen.storyboard in Resources */,
				927014FF1EBC688C00F9B111 /* Assets.xcassets in Resources */,
				927014FD1EBC688C00F9B111 /* Main.storyboard in Resources */,
			);
			runOnlyForDeploymentPostprocessing = 0;
		};
/* End PBXResourcesBuildPhase section */

/* Begin PBXSourcesBuildPhase section */
		927014F01EBC688B00F9B111 /* Sources */ = {
			isa = PBXSourcesBuildPhase;
			buildActionMask = 2147483647;
			files = (
				927014FA1EBC688C00F9B111 /* ViewController.swift in Sources */,
				927014F81EBC688C00F9B111 /* AppDelegate.swift in Sources */,
				927184AF1EC0667500FD781C /* TrueLoveViewController.swift in Sources */,
			);
			runOnlyForDeploymentPostprocessing = 0;
		};
/* End PBXSourcesBuildPhase section */

/* Begin PBXVariantGroup section */
		927014FB1EBC688C00F9B111 /* Main.storyboard */ = {
			isa = PBXVariantGroup;
			children = (
				927014FC1EBC688C00F9B111 /* Base */,
			);
			name = Main.storyboard;
			sourceTree = "<group>";
		};
		927015001EBC688C00F9B111 /* LaunchScreen.storyboard */ = {
			isa = PBXVariantGroup;
			children = (
				927015011EBC688C00F9B111 /* Base */,
			);
			name = LaunchScreen.storyboard;
			sourceTree = "<group>";
		};
/* End PBXVariantGroup section */

/* Begin XCBuildConfiguration section */
		927015041EBC688C00F9B111 /* Debug */ = {
			isa = XCBuildConfiguration;
			buildSettings = {
				ALWAYS_SEARCH_USER_PATHS = NO;
				CLANG_ANALYZER_NONNULL = YES;
				CLANG_CXX_LANGUAGE_STANDARD = "gnu++0x";
				CLANG_CXX_LIBRARY = "libc++";
				CLANG_ENABLE_MODULES = YES;
				CLANG_ENABLE_OBJC_ARC = YES;
				CLANG_WARN_BOOL_CONVERSION = YES;
				CLANG_WARN_CONSTANT_CONVERSION = YES;
				CLANG_WARN_DIRECT_OBJC_ISA_USAGE = YES_ERROR;
				CLANG_WARN_DOCUMENTATION_COMMENTS = YES;
				CLANG_WARN_EMPTY_BODY = YES;
				CLANG_WARN_ENUM_CONVERSION = YES;
				CLANG_WARN_INFINITE_RECURSION = YES;
				CLANG_WARN_INT_CONVERSION = YES;
				CLANG_WARN_OBJC_ROOT_CLASS = YES_ERROR;
				CLANG_WARN_SUSPICIOUS_MOVE = YES;
				CLANG_WARN_UNREACHABLE_CODE = YES;
				CLANG_WARN__DUPLICATE_METHOD_MATCH = YES;
				"CODE_SIGN_IDENTITY[sdk=iphoneos*]" = "iPhone Developer";
				COPY_PHASE_STRIP = NO;
				DEBUG_INFORMATION_FORMAT = dwarf;
				ENABLE_STRICT_OBJC_MSGSEND = YES;
				ENABLE_TESTABILITY = YES;
				GCC_C_LANGUAGE_STANDARD = gnu99;
				GCC_DYNAMIC_NO_PIC = NO;
				GCC_NO_COMMON_BLOCKS = YES;
				GCC_OPTIMIZATION_LEVEL = 0;
				GCC_PREPROCESSOR_DEFINITIONS = (
					"DEBUG=1",
					"$(inherited)",
				);
				GCC_WARN_64_TO_32_BIT_CONVERSION = YES;
				GCC_WARN_ABOUT_RETURN_TYPE = YES_ERROR;
				GCC_WARN_UNDECLARED_SELECTOR = YES;
				GCC_WARN_UNINITIALIZED_AUTOS = YES_AGGRESSIVE;
				GCC_WARN_UNUSED_FUNCTION = YES;
				GCC_WARN_UNUSED_VARIABLE = YES;
				IPHONEOS_DEPLOYMENT_TARGET = 10.2;
				MTL_ENABLE_DEBUG_INFO = YES;
				ONLY_ACTIVE_ARCH = YES;
				SDKROOT = iphoneos;
				SWIFT_ACTIVE_COMPILATION_CONDITIONS = DEBUG;
				SWIFT_OPTIMIZATION_LEVEL = "-Onone";
			};
			name = Debug;
		};
		927015051EBC688C00F9B111 /* Release */ = {
			isa = XCBuildConfiguration;
			buildSettings = {
				ALWAYS_SEARCH_USER_PATHS = NO;
				CLANG_ANALYZER_NONNULL = YES;
				CLANG_CXX_LANGUAGE_STANDARD = "gnu++0x";
				CLANG_CXX_LIBRARY = "libc++";
				CLANG_ENABLE_MODULES = YES;
				CLANG_ENABLE_OBJC_ARC = YES;
				CLANG_WARN_BOOL_CONVERSION = YES;
				CLANG_WARN_CONSTANT_CONVERSION = YES;
				CLANG_WARN_DIRECT_OBJC_ISA_USAGE = YES_ERROR;
				CLANG_WARN_DOCUMENTATION_COMMENTS = YES;
				CLANG_WARN_EMPTY_BODY = YES;
				CLANG_WARN_ENUM_CONVERSION = YES;
				CLANG_WARN_INFINITE_RECURSION = YES;
				CLANG_WARN_INT_CONVERSION = YES;
				CLANG_WARN_OBJC_ROOT_CLASS = YES_ERROR;
				CLANG_WARN_SUSPICIOUS_MOVE = YES;
				CLANG_WARN_UNREACHABLE_CODE = YES;
				CLANG_WARN__DUPLICATE_METHOD_MATCH = YES;
				"CODE_SIGN_IDENTITY[sdk=iphoneos*]" = "iPhone Developer";
				COPY_PHASE_STRIP = NO;
				DEBUG_INFORMATION_FORMAT = "dwarf-with-dsym";
				ENABLE_NS_ASSERTIONS = NO;
				ENABLE_STRICT_OBJC_MSGSEND = YES;
				GCC_C_LANGUAGE_STANDARD = gnu99;
				GCC_NO_COMMON_BLOCKS = YES;
				GCC_WARN_64_TO_32_BIT_CONVERSION = YES;
				GCC_WARN_ABOUT_RETURN_TYPE = YES_ERROR;
				GCC_WARN_UNDECLARED_SELECTOR = YES;
				GCC_WARN_UNINITIALIZED_AUTOS = YES_AGGRESSIVE;
				GCC_WARN_UNUSED_FUNCTION = YES;
				GCC_WARN_UNUSED_VARIABLE = YES;
				IPHONEOS_DEPLOYMENT_TARGET = 10.2;
				MTL_ENABLE_DEBUG_INFO = NO;
				SDKROOT = iphoneos;
				SWIFT_OPTIMIZATION_LEVEL = "-Owholemodule";
				VALIDATE_PRODUCT = YES;
			};
			name = Release;
		};
		927015071EBC688C00F9B111 /* Debug */ = {
			isa = XCBuildConfiguration;
			buildSettings = {
				ASSETCATALOG_COMPILER_APPICON_NAME = AppIcon;
				DEVELOPMENT_TEAM = K49NFTATB3;
				INFOPLIST_FILE = "擇偶條件/Info.plist";
				LD_RUNPATH_SEARCH_PATHS = "$(inherited) @executable_path/Frameworks";
				PRODUCT_BUNDLE_IDENTIFIER = "zachhuang.com.----";
				PRODUCT_NAME = "$(TARGET_NAME)";
				SWIFT_VERSION = 3.0;
			};
			name = Debug;
		};
		927015081EBC688C00F9B111 /* Release */ = {
			isa = XCBuildConfiguration;
			buildSettings = {
				ASSETCATALOG_COMPILER_APPICON_NAME = AppIcon;
				DEVELOPMENT_TEAM = K49NFTATB3;
				INFOPLIST_FILE = "擇偶條件/Info.plist";
				LD_RUNPATH_SEARCH_PATHS = "$(inherited) @executable_path/Frameworks";
				PRODUCT_BUNDLE_IDENTIFIER = "zachhuang.com.----";
				PRODUCT_NAME = "$(TARGET_NAME)";
				SWIFT_VERSION = 3.0;
			};
			name = Release;
		};
/* End XCBuildConfiguration section */

/* Begin XCConfigurationList section */
		927014EF1EBC688B00F9B111 /* Build configuration list for PBXProject "擇偶條件" */ = {
			isa = XCConfigurationList;
			buildConfigurations = (
				927015041EBC688C00F9B111 /* Debug */,
				927015051EBC688C00F9B111 /* Release */,
			);
			defaultConfigurationIsVisible = 0;
			defaultConfigurationName = Release;
		};
		927015061EBC688C00F9B111 /* Build configuration list for PBXNativeTarget "擇偶條件" */ = {
			isa = XCConfigurationList;
			buildConfigurations = (
				927015071EBC688C00F9B111 /* Debug */,
				927015081EBC688C00F9B111 /* Release */,
			);
			defaultConfigurationIsVisible = 0;
			defaultConfigurationName = Release;
		};
/* End XCConfigurationList section */
	};
	rootObject = 927014EC1EBC688B00F9B111 /* Project object */;
}
